// !$*UTF8*$!
{
	archiveVersion = 1;
	classes = {
	};
	objectVersion = 55;
	objects = {

/* Begin PBXBuildFile section */
		083709EC049E1725C03E95D1 /* Pods_GithubReposTests.framework in Frameworks */ = {isa = PBXBuildFile; fileRef = 10EDEEEFBDB242E8A0F8D89D /* Pods_GithubReposTests.framework */; };
		C125ADF52859F80700D6B604 /* Mockable.swift in Sources */ = {isa = PBXBuildFile; fileRef = C125ADF42859F80700D6B604 /* Mockable.swift */; };
		C125ADFA2859F96A00D6B604 /* RepositoryTests.swift in Sources */ = {isa = PBXBuildFile; fileRef = C125ADF92859F96A00D6B604 /* RepositoryTests.swift */; };
		C125ADFD285A015700D6B604 /* Repository.swift in Sources */ = {isa = PBXBuildFile; fileRef = C125ADFC285A015700D6B604 /* Repository.swift */; };
		C153BA51285B58B9005BF177 /* URLSession+AsyncAwait.swift in Sources */ = {isa = PBXBuildFile; fileRef = C153BA50285B58B9005BF177 /* URLSession+AsyncAwait.swift */; };
		C153BA53285BF5A3005BF177 /* GithubEndpointTests.swift in Sources */ = {isa = PBXBuildFile; fileRef = C153BA52285BF5A3005BF177 /* GithubEndpointTests.swift */; };
		C15A45DA2859F5F400F97EAF /* AppDelegate.swift in Sources */ = {isa = PBXBuildFile; fileRef = C15A45D92859F5F400F97EAF /* AppDelegate.swift */; };
		C15A45DC2859F5F400F97EAF /* SceneDelegate.swift in Sources */ = {isa = PBXBuildFile; fileRef = C15A45DB2859F5F400F97EAF /* SceneDelegate.swift */; };
		C15A45E12859F5F400F97EAF /* Main.storyboard in Resources */ = {isa = PBXBuildFile; fileRef = C15A45DF2859F5F400F97EAF /* Main.storyboard */; };
		C15A45E32859F5F500F97EAF /* Assets.xcassets in Resources */ = {isa = PBXBuildFile; fileRef = C15A45E22859F5F500F97EAF /* Assets.xcassets */; };
		C15A45E62859F5F500F97EAF /* LaunchScreen.storyboard in Resources */ = {isa = PBXBuildFile; fileRef = C15A45E42859F5F500F97EAF /* LaunchScreen.storyboard */; };
		C15A460C2859F72000F97EAF /* github_repo_response.json in Resources */ = {isa = PBXBuildFile; fileRef = C15A460B2859F72000F97EAF /* github_repo_response.json */; };
		C1BF3916285A07510004D5BB /* OwnerTests.swift in Sources */ = {isa = PBXBuildFile; fileRef = C1BF3915285A07510004D5BB /* OwnerTests.swift */; };
		C1BF391A285A0B100004D5BB /* TrendingReposResult.swift in Sources */ = {isa = PBXBuildFile; fileRef = C1BF3919285A0B100004D5BB /* TrendingReposResult.swift */; };
		C1BF391C285A0B3B0004D5BB /* TrendingReposResultTests.swift in Sources */ = {isa = PBXBuildFile; fileRef = C1BF391B285A0B3B0004D5BB /* TrendingReposResultTests.swift */; };
		C1BF391F285A0ED00004D5BB /* EndpointTests.swift in Sources */ = {isa = PBXBuildFile; fileRef = C1BF391E285A0ED00004D5BB /* EndpointTests.swift */; };
		C1BF3923285A44E50004D5BB /* Endpoint.swift in Sources */ = {isa = PBXBuildFile; fileRef = C1BF3922285A44E50004D5BB /* Endpoint.swift */; };
		C1BF3925285A46E30004D5BB /* HTTPMethod.swift in Sources */ = {isa = PBXBuildFile; fileRef = C1BF3924285A46E30004D5BB /* HTTPMethod.swift */; };
		C1BF3927285A4CB80004D5BB /* EndpointStub.swift in Sources */ = {isa = PBXBuildFile; fileRef = C1BF3926285A4CB80004D5BB /* EndpointStub.swift */; };
		C1BF392C285AEFAB0004D5BB /* GithubServiceTests.swift in Sources */ = {isa = PBXBuildFile; fileRef = C1BF392B285AEFAB0004D5BB /* GithubServiceTests.swift */; };
		C1BF3931285AF4480004D5BB /* GithubServiceMock.swift in Sources */ = {isa = PBXBuildFile; fileRef = C1BF3930285AF4480004D5BB /* GithubServiceMock.swift */; };
		C1BF3935285AF5220004D5BB /* GithubService.swift in Sources */ = {isa = PBXBuildFile; fileRef = C1BF3934285AF5220004D5BB /* GithubService.swift */; };
		C1BF3937285AF52D0004D5BB /* GithubEndpoints.swift in Sources */ = {isa = PBXBuildFile; fileRef = C1BF3936285AF52D0004D5BB /* GithubEndpoints.swift */; };
		C1BF3939285AF5810004D5BB /* APIError.swift in Sources */ = {isa = PBXBuildFile; fileRef = C1BF3938285AF5810004D5BB /* APIError.swift */; };
		C1BF393B285AF5940004D5BB /* HTTPClient.swift in Sources */ = {isa = PBXBuildFile; fileRef = C1BF393A285AF5940004D5BB /* HTTPClient.swift */; };
		D67994B671CD535B70A9FE73 /* Pods_GithubRepos.framework in Frameworks */ = {isa = PBXBuildFile; fileRef = 83E61F1E56ABBF72BD9AC3A2 /* Pods_GithubRepos.framework */; };
/* End PBXBuildFile section */

/* Begin PBXContainerItemProxy section */
		C15A45ED2859F5F500F97EAF /* PBXContainerItemProxy */ = {
			isa = PBXContainerItemProxy;
			containerPortal = C15A45CE2859F5F400F97EAF /* Project object */;
			proxyType = 1;
			remoteGlobalIDString = C15A45D52859F5F400F97EAF;
			remoteInfo = GithubRepos;
		};
/* End PBXContainerItemProxy section */

/* Begin PBXFileReference section */
		10EDEEEFBDB242E8A0F8D89D /* Pods_GithubReposTests.framework */ = {isa = PBXFileReference; explicitFileType = wrapper.framework; includeInIndex = 0; path = Pods_GithubReposTests.framework; sourceTree = BUILT_PRODUCTS_DIR; };
		358FE6EF2A92DCD7B39F65FA /* Pods-GithubReposTests.debug.xcconfig */ = {isa = PBXFileReference; includeInIndex = 1; lastKnownFileType = text.xcconfig; name = "Pods-GithubReposTests.debug.xcconfig"; path = "Target Support Files/Pods-GithubReposTests/Pods-GithubReposTests.debug.xcconfig"; sourceTree = "<group>"; };
		535C21DF474983EA00309666 /* Pods-GithubReposTests.release.xcconfig */ = {isa = PBXFileReference; includeInIndex = 1; lastKnownFileType = text.xcconfig; name = "Pods-GithubReposTests.release.xcconfig"; path = "Target Support Files/Pods-GithubReposTests/Pods-GithubReposTests.release.xcconfig"; sourceTree = "<group>"; };
		5E4BEEBCF755D32D69AF01E8 /* Pods-GithubRepos.debug.xcconfig */ = {isa = PBXFileReference; includeInIndex = 1; lastKnownFileType = text.xcconfig; name = "Pods-GithubRepos.debug.xcconfig"; path = "Target Support Files/Pods-GithubRepos/Pods-GithubRepos.debug.xcconfig"; sourceTree = "<group>"; };
		7E0E8FC76750BCBAFA31595D /* Pods-GithubRepos.release.xcconfig */ = {isa = PBXFileReference; includeInIndex = 1; lastKnownFileType = text.xcconfig; name = "Pods-GithubRepos.release.xcconfig"; path = "Target Support Files/Pods-GithubRepos/Pods-GithubRepos.release.xcconfig"; sourceTree = "<group>"; };
		83E61F1E56ABBF72BD9AC3A2 /* Pods_GithubRepos.framework */ = {isa = PBXFileReference; explicitFileType = wrapper.framework; includeInIndex = 0; path = Pods_GithubRepos.framework; sourceTree = BUILT_PRODUCTS_DIR; };
		C125ADF42859F80700D6B604 /* Mockable.swift */ = {isa = PBXFileReference; lastKnownFileType = sourcecode.swift; path = Mockable.swift; sourceTree = "<group>"; };
		C125ADF92859F96A00D6B604 /* RepositoryTests.swift */ = {isa = PBXFileReference; lastKnownFileType = sourcecode.swift; path = RepositoryTests.swift; sourceTree = "<group>"; };
		C125ADFC285A015700D6B604 /* Repository.swift */ = {isa = PBXFileReference; lastKnownFileType = sourcecode.swift; path = Repository.swift; sourceTree = "<group>"; };
		C153BA50285B58B9005BF177 /* URLSession+AsyncAwait.swift */ = {isa = PBXFileReference; lastKnownFileType = sourcecode.swift; path = "URLSession+AsyncAwait.swift"; sourceTree = "<group>"; };
		C153BA52285BF5A3005BF177 /* GithubEndpointTests.swift */ = {isa = PBXFileReference; lastKnownFileType = sourcecode.swift; path = GithubEndpointTests.swift; sourceTree = "<group>"; };
		C15A45D62859F5F400F97EAF /* GithubRepos.app */ = {isa = PBXFileReference; explicitFileType = wrapper.application; includeInIndex = 0; path = GithubRepos.app; sourceTree = BUILT_PRODUCTS_DIR; };
		C15A45D92859F5F400F97EAF /* AppDelegate.swift */ = {isa = PBXFileReference; lastKnownFileType = sourcecode.swift; path = AppDelegate.swift; sourceTree = "<group>"; };
		C15A45DB2859F5F400F97EAF /* SceneDelegate.swift */ = {isa = PBXFileReference; lastKnownFileType = sourcecode.swift; path = SceneDelegate.swift; sourceTree = "<group>"; };
		C15A45E02859F5F400F97EAF /* Base */ = {isa = PBXFileReference; lastKnownFileType = file.storyboard; name = Base; path = Base.lproj/Main.storyboard; sourceTree = "<group>"; };
		C15A45E22859F5F500F97EAF /* Assets.xcassets */ = {isa = PBXFileReference; lastKnownFileType = folder.assetcatalog; path = Assets.xcassets; sourceTree = "<group>"; };
		C15A45E52859F5F500F97EAF /* Base */ = {isa = PBXFileReference; lastKnownFileType = file.storyboard; name = Base; path = Base.lproj/LaunchScreen.storyboard; sourceTree = "<group>"; };
		C15A45E72859F5F500F97EAF /* Info.plist */ = {isa = PBXFileReference; lastKnownFileType = text.plist.xml; path = Info.plist; sourceTree = "<group>"; };
		C15A45EC2859F5F500F97EAF /* GithubReposTests.xctest */ = {isa = PBXFileReference; explicitFileType = wrapper.cfbundle; includeInIndex = 0; path = GithubReposTests.xctest; sourceTree = BUILT_PRODUCTS_DIR; };
		C15A460B2859F72000F97EAF /* github_repo_response.json */ = {isa = PBXFileReference; fileEncoding = 4; lastKnownFileType = text.json; path = github_repo_response.json; sourceTree = "<group>"; };
		C1BF3915285A07510004D5BB /* OwnerTests.swift */ = {isa = PBXFileReference; lastKnownFileType = sourcecode.swift; path = OwnerTests.swift; sourceTree = "<group>"; };
		C1BF3919285A0B100004D5BB /* TrendingReposResult.swift */ = {isa = PBXFileReference; lastKnownFileType = sourcecode.swift; path = TrendingReposResult.swift; sourceTree = "<group>"; };
		C1BF391B285A0B3B0004D5BB /* TrendingReposResultTests.swift */ = {isa = PBXFileReference; lastKnownFileType = sourcecode.swift; path = TrendingReposResultTests.swift; sourceTree = "<group>"; };
		C1BF391E285A0ED00004D5BB /* EndpointTests.swift */ = {isa = PBXFileReference; lastKnownFileType = sourcecode.swift; path = EndpointTests.swift; sourceTree = "<group>"; };
		C1BF3922285A44E50004D5BB /* Endpoint.swift */ = {isa = PBXFileReference; lastKnownFileType = sourcecode.swift; path = Endpoint.swift; sourceTree = "<group>"; };
		C1BF3924285A46E30004D5BB /* HTTPMethod.swift */ = {isa = PBXFileReference; lastKnownFileType = sourcecode.swift; path = HTTPMethod.swift; sourceTree = "<group>"; };
		C1BF3926285A4CB80004D5BB /* EndpointStub.swift */ = {isa = PBXFileReference; lastKnownFileType = sourcecode.swift; path = EndpointStub.swift; sourceTree = "<group>"; };
		C1BF392B285AEFAB0004D5BB /* GithubServiceTests.swift */ = {isa = PBXFileReference; lastKnownFileType = sourcecode.swift; path = GithubServiceTests.swift; sourceTree = "<group>"; };
		C1BF3930285AF4480004D5BB /* GithubServiceMock.swift */ = {isa = PBXFileReference; lastKnownFileType = sourcecode.swift; path = GithubServiceMock.swift; sourceTree = "<group>"; };
		C1BF3934285AF5220004D5BB /* GithubService.swift */ = {isa = PBXFileReference; lastKnownFileType = sourcecode.swift; path = GithubService.swift; sourceTree = "<group>"; };
		C1BF3936285AF52D0004D5BB /* GithubEndpoints.swift */ = {isa = PBXFileReference; lastKnownFileType = sourcecode.swift; path = GithubEndpoints.swift; sourceTree = "<group>"; };
		C1BF3938285AF5810004D5BB /* APIError.swift */ = {isa = PBXFileReference; lastKnownFileType = sourcecode.swift; path = APIError.swift; sourceTree = "<group>"; };
		C1BF393A285AF5940004D5BB /* HTTPClient.swift */ = {isa = PBXFileReference; lastKnownFileType = sourcecode.swift; path = HTTPClient.swift; sourceTree = "<group>"; };
/* End PBXFileReference section */

/* Begin PBXFrameworksBuildPhase section */
		C15A45D32859F5F400F97EAF /* Frameworks */ = {
			isa = PBXFrameworksBuildPhase;
			buildActionMask = 2147483647;
			files = (
				D67994B671CD535B70A9FE73 /* Pods_GithubRepos.framework in Frameworks */,
			);
			runOnlyForDeploymentPostprocessing = 0;
		};
		C15A45E92859F5F500F97EAF /* Frameworks */ = {
			isa = PBXFrameworksBuildPhase;
			buildActionMask = 2147483647;
			files = (
				083709EC049E1725C03E95D1 /* Pods_GithubReposTests.framework in Frameworks */,
			);
			runOnlyForDeploymentPostprocessing = 0;
		};
/* End PBXFrameworksBuildPhase section */

/* Begin PBXGroup section */
		31973A3EEBC96287FAD9315A /* Frameworks */ = {
			isa = PBXGroup;
			children = (
				83E61F1E56ABBF72BD9AC3A2 /* Pods_GithubRepos.framework */,
				10EDEEEFBDB242E8A0F8D89D /* Pods_GithubReposTests.framework */,
			);
			name = Frameworks;
			sourceTree = "<group>";
		};
		C125ADFB285A013E00D6B604 /* Models */ = {
			isa = PBXGroup;
			children = (
				C125ADFC285A015700D6B604 /* Repository.swift */,
				C1BF3919285A0B100004D5BB /* TrendingReposResult.swift */,
			);
			path = Models;
			sourceTree = "<group>";
		};
		C153BA4F285B58AA005BF177 /* Extensions */ = {
			isa = PBXGroup;
			children = (
				C153BA50285B58B9005BF177 /* URLSession+AsyncAwait.swift */,
			);
			path = Extensions;
			sourceTree = "<group>";
		};
		C15A45CD2859F5F400F97EAF = {
			isa = PBXGroup;
			children = (
				C15A45D82859F5F400F97EAF /* GithubRepos */,
				C15A45EF2859F5F500F97EAF /* GithubReposTests */,
				C15A45D72859F5F400F97EAF /* Products */,
				D832F8231F08671DF6A188EF /* Pods */,
				31973A3EEBC96287FAD9315A /* Frameworks */,
			);
			sourceTree = "<group>";
		};
		C15A45D72859F5F400F97EAF /* Products */ = {
			isa = PBXGroup;
			children = (
				C15A45D62859F5F400F97EAF /* GithubRepos.app */,
				C15A45EC2859F5F500F97EAF /* GithubReposTests.xctest */,
			);
			name = Products;
			sourceTree = "<group>";
		};
		C15A45D82859F5F400F97EAF /* GithubRepos */ = {
			isa = PBXGroup;
			children = (
				C15A45E72859F5F500F97EAF /* Info.plist */,
				C15A45D92859F5F400F97EAF /* AppDelegate.swift */,
				C15A45DB2859F5F400F97EAF /* SceneDelegate.swift */,
				C1BF3920285A44D20004D5BB /* Networking */,
				C125ADFB285A013E00D6B604 /* Models */,
				C153BA4F285B58AA005BF177 /* Extensions */,
				C15A46092859F69000F97EAF /* Resources */,
			);
			path = GithubRepos;
			sourceTree = "<group>";
		};
		C15A45EF2859F5F500F97EAF /* GithubReposTests */ = {
			isa = PBXGroup;
			children = (
				C125ADF42859F80700D6B604 /* Mockable.swift */,
				C15A460A2859F71300F97EAF /* JSON */,
				C1BF3914285A05590004D5BB /* Test Models */,
				C1BF391D285A0EB60004D5BB /* Test Endpoints */,
				C1BF3928285AEF6E0004D5BB /* Test Networking Service */,
			);
			path = GithubReposTests;
			sourceTree = "<group>";
		};
		C15A46092859F69000F97EAF /* Resources */ = {
			isa = PBXGroup;
			children = (
				C15A45DF2859F5F400F97EAF /* Main.storyboard */,
				C15A45E22859F5F500F97EAF /* Assets.xcassets */,
				C15A45E42859F5F500F97EAF /* LaunchScreen.storyboard */,
			);
			path = Resources;
			sourceTree = "<group>";
		};
		C15A460A2859F71300F97EAF /* JSON */ = {
			isa = PBXGroup;
			children = (
				C15A460B2859F72000F97EAF /* github_repo_response.json */,
			);
			path = JSON;
			sourceTree = "<group>";
		};
		C1BF3914285A05590004D5BB /* Test Models */ = {
			isa = PBXGroup;
			children = (
				C125ADF92859F96A00D6B604 /* RepositoryTests.swift */,
				C1BF3915285A07510004D5BB /* OwnerTests.swift */,
				C1BF391B285A0B3B0004D5BB /* TrendingReposResultTests.swift */,
			);
			path = "Test Models";
			sourceTree = "<group>";
		};
		C1BF391D285A0EB60004D5BB /* Test Endpoints */ = {
			isa = PBXGroup;
			children = (
				C1BF3926285A4CB80004D5BB /* EndpointStub.swift */,
				C1BF391E285A0ED00004D5BB /* EndpointTests.swift */,
				C153BA52285BF5A3005BF177 /* GithubEndpointTests.swift */,
			);
			path = "Test Endpoints";
			sourceTree = "<group>";
		};
		C1BF3920285A44D20004D5BB /* Networking */ = {
			isa = PBXGroup;
			children = (
				C1BF3921285A44DB0004D5BB /* Basic */,
				C1BF3932285AF4730004D5BB /* Endpoints */,
				C1BF3933285AF4790004D5BB /* Services */,
			);
			path = Networking;
			sourceTree = "<group>";
		};
		C1BF3921285A44DB0004D5BB /* Basic */ = {
			isa = PBXGroup;
			children = (
				C1BF3922285A44E50004D5BB /* Endpoint.swift */,
				C1BF393A285AF5940004D5BB /* HTTPClient.swift */,
				C1BF3924285A46E30004D5BB /* HTTPMethod.swift */,
				C1BF3938285AF5810004D5BB /* APIError.swift */,
			);
			path = Basic;
			sourceTree = "<group>";
		};
		C1BF3928285AEF6E0004D5BB /* Test Networking Service */ = {
			isa = PBXGroup;
			children = (
				C1BF3930285AF4480004D5BB /* GithubServiceMock.swift */,
				C1BF392B285AEFAB0004D5BB /* GithubServiceTests.swift */,
			);
			path = "Test Networking Service";
			sourceTree = "<group>";
		};
		C1BF3932285AF4730004D5BB /* Endpoints */ = {
			isa = PBXGroup;
			children = (
				C1BF3936285AF52D0004D5BB /* GithubEndpoints.swift */,
			);
			path = Endpoints;
			sourceTree = "<group>";
		};
		C1BF3933285AF4790004D5BB /* Services */ = {
			isa = PBXGroup;
			children = (
				C1BF3934285AF5220004D5BB /* GithubService.swift */,
			);
			path = Services;
			sourceTree = "<group>";
		};
		D832F8231F08671DF6A188EF /* Pods */ = {
			isa = PBXGroup;
			children = (
				5E4BEEBCF755D32D69AF01E8 /* Pods-GithubRepos.debug.xcconfig */,
				7E0E8FC76750BCBAFA31595D /* Pods-GithubRepos.release.xcconfig */,
				358FE6EF2A92DCD7B39F65FA /* Pods-GithubReposTests.debug.xcconfig */,
				535C21DF474983EA00309666 /* Pods-GithubReposTests.release.xcconfig */,
			);
			path = Pods;
			sourceTree = "<group>";
		};
/* End PBXGroup section */

/* Begin PBXNativeTarget section */
		C15A45D52859F5F400F97EAF /* GithubRepos */ = {
			isa = PBXNativeTarget;
			buildConfigurationList = C15A46002859F5F500F97EAF /* Build configuration list for PBXNativeTarget "GithubRepos" */;
			buildPhases = (
				39CC6EFA0AFB8AF26AA760D6 /* [CP] Check Pods Manifest.lock */,
				C15A45D22859F5F400F97EAF /* Sources */,
				C15A45D32859F5F400F97EAF /* Frameworks */,
				C15A45D42859F5F400F97EAF /* Resources */,
			);
			buildRules = (
			);
			dependencies = (
			);
			name = GithubRepos;
			productName = GithubRepos;
			productReference = C15A45D62859F5F400F97EAF /* GithubRepos.app */;
			productType = "com.apple.product-type.application";
		};
		C15A45EB2859F5F500F97EAF /* GithubReposTests */ = {
			isa = PBXNativeTarget;
			buildConfigurationList = C15A46032859F5F500F97EAF /* Build configuration list for PBXNativeTarget "GithubReposTests" */;
			buildPhases = (
				936516CDF1155DC2A2ECC60F /* [CP] Check Pods Manifest.lock */,
				C15A45E82859F5F500F97EAF /* Sources */,
				C15A45E92859F5F500F97EAF /* Frameworks */,
				C15A45EA2859F5F500F97EAF /* Resources */,
				DED2B5FBC23E536271AF8EFE /* [CP] Embed Pods Frameworks */,
			);
			buildRules = (
			);
			dependencies = (
				C15A45EE2859F5F500F97EAF /* PBXTargetDependency */,
			);
			name = GithubReposTests;
			productName = GithubReposTests;
			productReference = C15A45EC2859F5F500F97EAF /* GithubReposTests.xctest */;
			productType = "com.apple.product-type.bundle.unit-test";
		};
/* End PBXNativeTarget section */

/* Begin PBXProject section */
		C15A45CE2859F5F400F97EAF /* Project object */ = {
			isa = PBXProject;
			attributes = {
				BuildIndependentTargetsInParallel = 1;
				LastSwiftUpdateCheck = 1340;
				LastUpgradeCheck = 1340;
				TargetAttributes = {
					C15A45D52859F5F400F97EAF = {
						CreatedOnToolsVersion = 13.4.1;
					};
					C15A45EB2859F5F500F97EAF = {
						CreatedOnToolsVersion = 13.4.1;
						LastSwiftMigration = 1340;
						TestTargetID = C15A45D52859F5F400F97EAF;
					};
				};
			};
			buildConfigurationList = C15A45D12859F5F400F97EAF /* Build configuration list for PBXProject "GithubRepos" */;
			compatibilityVersion = "Xcode 13.0";
			developmentRegion = en;
			hasScannedForEncodings = 0;
			knownRegions = (
				en,
				Base,
			);
			mainGroup = C15A45CD2859F5F400F97EAF;
			productRefGroup = C15A45D72859F5F400F97EAF /* Products */;
			projectDirPath = "";
			projectRoot = "";
			targets = (
				C15A45D52859F5F400F97EAF /* GithubRepos */,
				C15A45EB2859F5F500F97EAF /* GithubReposTests */,
			);
		};
/* End PBXProject section */

/* Begin PBXResourcesBuildPhase section */
		C15A45D42859F5F400F97EAF /* Resources */ = {
			isa = PBXResourcesBuildPhase;
			buildActionMask = 2147483647;
			files = (
				C15A45E62859F5F500F97EAF /* LaunchScreen.storyboard in Resources */,
				C15A45E32859F5F500F97EAF /* Assets.xcassets in Resources */,
				C15A45E12859F5F400F97EAF /* Main.storyboard in Resources */,
			);
			runOnlyForDeploymentPostprocessing = 0;
		};
		C15A45EA2859F5F500F97EAF /* Resources */ = {
			isa = PBXResourcesBuildPhase;
			buildActionMask = 2147483647;
			files = (
				C15A460C2859F72000F97EAF /* github_repo_response.json in Resources */,
			);
			runOnlyForDeploymentPostprocessing = 0;
		};
/* End PBXResourcesBuildPhase section */

/* Begin PBXShellScriptBuildPhase section */
		39CC6EFA0AFB8AF26AA760D6 /* [CP] Check Pods Manifest.lock */ = {
			isa = PBXShellScriptBuildPhase;
			buildActionMask = 2147483647;
			files = (
			);
			inputFileListPaths = (
			);
			inputPaths = (
				"${PODS_PODFILE_DIR_PATH}/Podfile.lock",
				"${PODS_ROOT}/Manifest.lock",
			);
			name = "[CP] Check Pods Manifest.lock";
			outputFileListPaths = (
			);
			outputPaths = (
				"$(DERIVED_FILE_DIR)/Pods-GithubRepos-checkManifestLockResult.txt",
			);
			runOnlyForDeploymentPostprocessing = 0;
			shellPath = /bin/sh;
			shellScript = "diff \"${PODS_PODFILE_DIR_PATH}/Podfile.lock\" \"${PODS_ROOT}/Manifest.lock\" > /dev/null\nif [ $? != 0 ] ; then\n    # print error to STDERR\n    echo \"error: The sandbox is not in sync with the Podfile.lock. Run 'pod install' or update your CocoaPods installation.\" >&2\n    exit 1\nfi\n# This output is used by Xcode 'outputs' to avoid re-running this script phase.\necho \"SUCCESS\" > \"${SCRIPT_OUTPUT_FILE_0}\"\n";
			showEnvVarsInLog = 0;
		};
		936516CDF1155DC2A2ECC60F /* [CP] Check Pods Manifest.lock */ = {
			isa = PBXShellScriptBuildPhase;
			buildActionMask = 2147483647;
			files = (
			);
			inputFileListPaths = (
			);
			inputPaths = (
				"${PODS_PODFILE_DIR_PATH}/Podfile.lock",
				"${PODS_ROOT}/Manifest.lock",
			);
			name = "[CP] Check Pods Manifest.lock";
			outputFileListPaths = (
			);
			outputPaths = (
				"$(DERIVED_FILE_DIR)/Pods-GithubReposTests-checkManifestLockResult.txt",
			);
			runOnlyForDeploymentPostprocessing = 0;
			shellPath = /bin/sh;
			shellScript = "diff \"${PODS_PODFILE_DIR_PATH}/Podfile.lock\" \"${PODS_ROOT}/Manifest.lock\" > /dev/null\nif [ $? != 0 ] ; then\n    # print error to STDERR\n    echo \"error: The sandbox is not in sync with the Podfile.lock. Run 'pod install' or update your CocoaPods installation.\" >&2\n    exit 1\nfi\n# This output is used by Xcode 'outputs' to avoid re-running this script phase.\necho \"SUCCESS\" > \"${SCRIPT_OUTPUT_FILE_0}\"\n";
			showEnvVarsInLog = 0;
		};
		DED2B5FBC23E536271AF8EFE /* [CP] Embed Pods Frameworks */ = {
			isa = PBXShellScriptBuildPhase;
			buildActionMask = 2147483647;
			files = (
			);
			inputFileListPaths = (
				"${PODS_ROOT}/Target Support Files/Pods-GithubReposTests/Pods-GithubReposTests-frameworks-${CONFIGURATION}-input-files.xcfilelist",
			);
			name = "[CP] Embed Pods Frameworks";
			outputFileListPaths = (
				"${PODS_ROOT}/Target Support Files/Pods-GithubReposTests/Pods-GithubReposTests-frameworks-${CONFIGURATION}-output-files.xcfilelist",
			);
			runOnlyForDeploymentPostprocessing = 0;
			shellPath = /bin/sh;
			shellScript = "\"${PODS_ROOT}/Target Support Files/Pods-GithubReposTests/Pods-GithubReposTests-frameworks.sh\"\n";
			showEnvVarsInLog = 0;
		};
/* End PBXShellScriptBuildPhase section */

/* Begin PBXSourcesBuildPhase section */
		C15A45D22859F5F400F97EAF /* Sources */ = {
			isa = PBXSourcesBuildPhase;
			buildActionMask = 2147483647;
			files = (
				C1BF391A285A0B100004D5BB /* TrendingReposResult.swift in Sources */,
				C1BF3935285AF5220004D5BB /* GithubService.swift in Sources */,
				C1BF3939285AF5810004D5BB /* APIError.swift in Sources */,
				C1BF3925285A46E30004D5BB /* HTTPMethod.swift in Sources */,
				C15A45DA2859F5F400F97EAF /* AppDelegate.swift in Sources */,
				C1BF393B285AF5940004D5BB /* HTTPClient.swift in Sources */,
				C15A45DC2859F5F400F97EAF /* SceneDelegate.swift in Sources */,
				C153BA51285B58B9005BF177 /* URLSession+AsyncAwait.swift in Sources */,
				C1BF3937285AF52D0004D5BB /* GithubEndpoints.swift in Sources */,
				C1BF3923285A44E50004D5BB /* Endpoint.swift in Sources */,
				C125ADFD285A015700D6B604 /* Repository.swift in Sources */,
			);
			runOnlyForDeploymentPostprocessing = 0;
		};
		C15A45E82859F5F500F97EAF /* Sources */ = {
			isa = PBXSourcesBuildPhase;
			buildActionMask = 2147483647;
			files = (
				C1BF3927285A4CB80004D5BB /* EndpointStub.swift in Sources */,
				C125ADF52859F80700D6B604 /* Mockable.swift in Sources */,
				C1BF3931285AF4480004D5BB /* GithubServiceMock.swift in Sources */,
				C125ADFA2859F96A00D6B604 /* RepositoryTests.swift in Sources */,
				C1BF3916285A07510004D5BB /* OwnerTests.swift in Sources */,
				C1BF392C285AEFAB0004D5BB /* GithubServiceTests.swift in Sources */,
				C153BA53285BF5A3005BF177 /* GithubEndpointTests.swift in Sources */,
				C1BF391F285A0ED00004D5BB /* EndpointTests.swift in Sources */,
				C1BF391C285A0B3B0004D5BB /* TrendingReposResultTests.swift in Sources */,
			);
			runOnlyForDeploymentPostprocessing = 0;
		};
/* End PBXSourcesBuildPhase section */

/* Begin PBXTargetDependency section */
		C15A45EE2859F5F500F97EAF /* PBXTargetDependency */ = {
			isa = PBXTargetDependency;
			target = C15A45D52859F5F400F97EAF /* GithubRepos */;
			targetProxy = C15A45ED2859F5F500F97EAF /* PBXContainerItemProxy */;
		};
/* End PBXTargetDependency section */

/* Begin PBXVariantGroup section */
		C15A45DF2859F5F400F97EAF /* Main.storyboard */ = {
			isa = PBXVariantGroup;
			children = (
				C15A45E02859F5F400F97EAF /* Base */,
			);
			name = Main.storyboard;
			sourceTree = "<group>";
		};
		C15A45E42859F5F500F97EAF /* LaunchScreen.storyboard */ = {
			isa = PBXVariantGroup;
			children = (
				C15A45E52859F5F500F97EAF /* Base */,
			);
			name = LaunchScreen.storyboard;
			sourceTree = "<group>";
		};
/* End PBXVariantGroup section */

/* Begin XCBuildConfiguration section */
		C15A45FE2859F5F500F97EAF /* Debug */ = {
			isa = XCBuildConfiguration;
			buildSettings = {
				ALWAYS_SEARCH_USER_PATHS = NO;
				CLANG_ANALYZER_NONNULL = YES;
				CLANG_ANALYZER_NUMBER_OBJECT_CONVERSION = YES_AGGRESSIVE;
				CLANG_CXX_LANGUAGE_STANDARD = "gnu++17";
				CLANG_ENABLE_MODULES = YES;
				CLANG_ENABLE_OBJC_ARC = YES;
				CLANG_ENABLE_OBJC_WEAK = YES;
				CLANG_WARN_BLOCK_CAPTURE_AUTORELEASING = YES;
				CLANG_WARN_BOOL_CONVERSION = YES;
				CLANG_WARN_COMMA = YES;
				CLANG_WARN_CONSTANT_CONVERSION = YES;
				CLANG_WARN_DEPRECATED_OBJC_IMPLEMENTATIONS = YES;
				CLANG_WARN_DIRECT_OBJC_ISA_USAGE = YES_ERROR;
				CLANG_WARN_DOCUMENTATION_COMMENTS = YES;
				CLANG_WARN_EMPTY_BODY = YES;
				CLANG_WARN_ENUM_CONVERSION = YES;
				CLANG_WARN_INFINITE_RECURSION = YES;
				CLANG_WARN_INT_CONVERSION = YES;
				CLANG_WARN_NON_LITERAL_NULL_CONVERSION = YES;
				CLANG_WARN_OBJC_IMPLICIT_RETAIN_SELF = YES;
				CLANG_WARN_OBJC_LITERAL_CONVERSION = YES;
				CLANG_WARN_OBJC_ROOT_CLASS = YES_ERROR;
				CLANG_WARN_QUOTED_INCLUDE_IN_FRAMEWORK_HEADER = YES;
				CLANG_WARN_RANGE_LOOP_ANALYSIS = YES;
				CLANG_WARN_STRICT_PROTOTYPES = YES;
				CLANG_WARN_SUSPICIOUS_MOVE = YES;
				CLANG_WARN_UNGUARDED_AVAILABILITY = YES_AGGRESSIVE;
				CLANG_WARN_UNREACHABLE_CODE = YES;
				CLANG_WARN__DUPLICATE_METHOD_MATCH = YES;
				COPY_PHASE_STRIP = NO;
				DEBUG_INFORMATION_FORMAT = dwarf;
				ENABLE_STRICT_OBJC_MSGSEND = YES;
				ENABLE_TESTABILITY = YES;
				GCC_C_LANGUAGE_STANDARD = gnu11;
				GCC_DYNAMIC_NO_PIC = NO;
				GCC_NO_COMMON_BLOCKS = YES;
				GCC_OPTIMIZATION_LEVEL = 0;
				GCC_PREPROCESSOR_DEFINITIONS = (
					"DEBUG=1",
					"$(inherited)",
				);
				GCC_WARN_64_TO_32_BIT_CONVERSION = YES;
				GCC_WARN_ABOUT_RETURN_TYPE = YES_ERROR;
				GCC_WARN_UNDECLARED_SELECTOR = YES;
				GCC_WARN_UNINITIALIZED_AUTOS = YES_AGGRESSIVE;
				GCC_WARN_UNUSED_FUNCTION = YES;
				GCC_WARN_UNUSED_VARIABLE = YES;
				IPHONEOS_DEPLOYMENT_TARGET = 13.0;
				MTL_ENABLE_DEBUG_INFO = INCLUDE_SOURCE;
				MTL_FAST_MATH = YES;
				ONLY_ACTIVE_ARCH = YES;
				SDKROOT = iphoneos;
				SWIFT_ACTIVE_COMPILATION_CONDITIONS = DEBUG;
				SWIFT_OPTIMIZATION_LEVEL = "-Onone";
			};
			name = Debug;
		};
		C15A45FF2859F5F500F97EAF /* Release */ = {
			isa = XCBuildConfiguration;
			buildSettings = {
				ALWAYS_SEARCH_USER_PATHS = NO;
				CLANG_ANALYZER_NONNULL = YES;
				CLANG_ANALYZER_NUMBER_OBJECT_CONVERSION = YES_AGGRESSIVE;
				CLANG_CXX_LANGUAGE_STANDARD = "gnu++17";
				CLANG_ENABLE_MODULES = YES;
				CLANG_ENABLE_OBJC_ARC = YES;
				CLANG_ENABLE_OBJC_WEAK = YES;
				CLANG_WARN_BLOCK_CAPTURE_AUTORELEASING = YES;
				CLANG_WARN_BOOL_CONVERSION = YES;
				CLANG_WARN_COMMA = YES;
				CLANG_WARN_CONSTANT_CONVERSION = YES;
				CLANG_WARN_DEPRECATED_OBJC_IMPLEMENTATIONS = YES;
				CLANG_WARN_DIRECT_OBJC_ISA_USAGE = YES_ERROR;
				CLANG_WARN_DOCUMENTATION_COMMENTS = YES;
				CLANG_WARN_EMPTY_BODY = YES;
				CLANG_WARN_ENUM_CONVERSION = YES;
				CLANG_WARN_INFINITE_RECURSION = YES;
				CLANG_WARN_INT_CONVERSION = YES;
				CLANG_WARN_NON_LITERAL_NULL_CONVERSION = YES;
				CLANG_WARN_OBJC_IMPLICIT_RETAIN_SELF = YES;
				CLANG_WARN_OBJC_LITERAL_CONVERSION = YES;
				CLANG_WARN_OBJC_ROOT_CLASS = YES_ERROR;
				CLANG_WARN_QUOTED_INCLUDE_IN_FRAMEWORK_HEADER = YES;
				CLANG_WARN_RANGE_LOOP_ANALYSIS = YES;
				CLANG_WARN_STRICT_PROTOTYPES = YES;
				CLANG_WARN_SUSPICIOUS_MOVE = YES;
				CLANG_WARN_UNGUARDED_AVAILABILITY = YES_AGGRESSIVE;
				CLANG_WARN_UNREACHABLE_CODE = YES;
				CLANG_WARN__DUPLICATE_METHOD_MATCH = YES;
				COPY_PHASE_STRIP = NO;
				DEBUG_INFORMATION_FORMAT = "dwarf-with-dsym";
				ENABLE_NS_ASSERTIONS = NO;
				ENABLE_STRICT_OBJC_MSGSEND = YES;
				GCC_C_LANGUAGE_STANDARD = gnu11;
				GCC_NO_COMMON_BLOCKS = YES;
				GCC_WARN_64_TO_32_BIT_CONVERSION = YES;
				GCC_WARN_ABOUT_RETURN_TYPE = YES_ERROR;
				GCC_WARN_UNDECLARED_SELECTOR = YES;
				GCC_WARN_UNINITIALIZED_AUTOS = YES_AGGRESSIVE;
				GCC_WARN_UNUSED_FUNCTION = YES;
				GCC_WARN_UNUSED_VARIABLE = YES;
				IPHONEOS_DEPLOYMENT_TARGET = 13.0;
				MTL_ENABLE_DEBUG_INFO = NO;
				MTL_FAST_MATH = YES;
				SDKROOT = iphoneos;
				SWIFT_COMPILATION_MODE = wholemodule;
				SWIFT_OPTIMIZATION_LEVEL = "-O";
				VALIDATE_PRODUCT = YES;
			};
			name = Release;
		};
		C15A46012859F5F500F97EAF /* Debug */ = {
			isa = XCBuildConfiguration;
			baseConfigurationReference = 5E4BEEBCF755D32D69AF01E8 /* Pods-GithubRepos.debug.xcconfig */;
			buildSettings = {
				ASSETCATALOG_COMPILER_APPICON_NAME = AppIcon;
				ASSETCATALOG_COMPILER_GLOBAL_ACCENT_COLOR_NAME = AccentColor;
				CODE_SIGN_STYLE = Automatic;
				CURRENT_PROJECT_VERSION = 1;
				DEVELOPMENT_TEAM = 99UQGBHMVX;
				GENERATE_INFOPLIST_FILE = YES;
				INFOPLIST_FILE = GithubRepos/Info.plist;
				INFOPLIST_KEY_UIApplicationSupportsIndirectInputEvents = YES;
				INFOPLIST_KEY_UILaunchStoryboardName = LaunchScreen;
				INFOPLIST_KEY_UIMainStoryboardFile = Main;
				INFOPLIST_KEY_UISupportedInterfaceOrientations = UIInterfaceOrientationPortrait;
				INFOPLIST_KEY_UISupportedInterfaceOrientations_iPad = "UIInterfaceOrientationPortrait UIInterfaceOrientationPortraitUpsideDown UIInterfaceOrientationLandscapeLeft UIInterfaceOrientationLandscapeRight";
				INFOPLIST_KEY_UISupportedInterfaceOrientations_iPhone = "UIInterfaceOrientationPortrait UIInterfaceOrientationLandscapeLeft UIInterfaceOrientationLandscapeRight";
				LD_RUNPATH_SEARCH_PATHS = (
					"$(inherited)",
					"@executable_path/Frameworks",
				);
				MARKETING_VERSION = 1.0;
				PRODUCT_BUNDLE_IDENTIFIER = me.rayansaeed.GithubRepos;
				PRODUCT_NAME = "$(TARGET_NAME)";
				SWIFT_EMIT_LOC_STRINGS = YES;
				SWIFT_VERSION = 5.0;
				TARGETED_DEVICE_FAMILY = 1;
			};
			name = Debug;
		};
		C15A46022859F5F500F97EAF /* Release */ = {
			isa = XCBuildConfiguration;
			baseConfigurationReference = 7E0E8FC76750BCBAFA31595D /* Pods-GithubRepos.release.xcconfig */;
			buildSettings = {
				ASSETCATALOG_COMPILER_APPICON_NAME = AppIcon;
				ASSETCATALOG_COMPILER_GLOBAL_ACCENT_COLOR_NAME = AccentColor;
				CODE_SIGN_STYLE = Automatic;
				CURRENT_PROJECT_VERSION = 1;
				DEVELOPMENT_TEAM = 99UQGBHMVX;
				GENERATE_INFOPLIST_FILE = YES;
				INFOPLIST_FILE = GithubRepos/Info.plist;
				INFOPLIST_KEY_UIApplicationSupportsIndirectInputEvents = YES;
				INFOPLIST_KEY_UILaunchStoryboardName = LaunchScreen;
				INFOPLIST_KEY_UIMainStoryboardFile = Main;
				INFOPLIST_KEY_UISupportedInterfaceOrientations = UIInterfaceOrientationPortrait;
				INFOPLIST_KEY_UISupportedInterfaceOrientations_iPad = "UIInterfaceOrientationPortrait UIInterfaceOrientationPortraitUpsideDown UIInterfaceOrientationLandscapeLeft UIInterfaceOrientationLandscapeRight";
				INFOPLIST_KEY_UISupportedInterfaceOrientations_iPhone = "UIInterfaceOrientationPortrait UIInterfaceOrientationLandscapeLeft UIInterfaceOrientationLandscapeRight";
				LD_RUNPATH_SEARCH_PATHS = (
					"$(inherited)",
					"@executable_path/Frameworks",
				);
				MARKETING_VERSION = 1.0;
				PRODUCT_BUNDLE_IDENTIFIER = me.rayansaeed.GithubRepos;
				PRODUCT_NAME = "$(TARGET_NAME)";
				SWIFT_EMIT_LOC_STRINGS = YES;
				SWIFT_VERSION = 5.0;
				TARGETED_DEVICE_FAMILY = 1;
			};
			name = Release;
		};
		C15A46042859F5F500F97EAF /* Debug */ = {
			isa = XCBuildConfiguration;
			baseConfigurationReference = 358FE6EF2A92DCD7B39F65FA /* Pods-GithubReposTests.debug.xcconfig */;
			buildSettings = {
				ALWAYS_EMBED_SWIFT_STANDARD_LIBRARIES = "$(inherited)";
				BUNDLE_LOADER = "$(TEST_HOST)";
				CLANG_ENABLE_MODULES = YES;
				CODE_SIGN_STYLE = Automatic;
				CURRENT_PROJECT_VERSION = 1;
				DEVELOPMENT_TEAM = 99UQGBHMVX;
				GENERATE_INFOPLIST_FILE = YES;
				IPHONEOS_DEPLOYMENT_TARGET = 13.0;
				LD_RUNPATH_SEARCH_PATHS = (
					"$(inherited)",
					"@executable_path/Frameworks",
					"@loader_path/Frameworks",
				);
				MARKETING_VERSION = 1.0;
				PRODUCT_BUNDLE_IDENTIFIER = me.rayansaeed.GithubReposTests;
				PRODUCT_NAME = "$(TARGET_NAME)";
				SWIFT_EMIT_LOC_STRINGS = NO;
				SWIFT_OPTIMIZATION_LEVEL = "-Onone";
				SWIFT_VERSION = 5.0;
				TARGETED_DEVICE_FAMILY = "1,2";
				TEST_HOST = "$(BUILT_PRODUCTS_DIR)/GithubRepos.app/GithubRepos";
			};
			name = Debug;
		};
		C15A46052859F5F500F97EAF /* Release */ = {
			isa = XCBuildConfiguration;
			baseConfigurationReference = 535C21DF474983EA00309666 /* Pods-GithubReposTests.release.xcconfig */;
			buildSettings = {
				ALWAYS_EMBED_SWIFT_STANDARD_LIBRARIES = "$(inherited)";
				BUNDLE_LOADER = "$(TEST_HOST)";
				CLANG_ENABLE_MODULES = YES;
				CODE_SIGN_STYLE = Automatic;
				CURRENT_PROJECT_VERSION = 1;
				DEVELOPMENT_TEAM = 99UQGBHMVX;
				GENERATE_INFOPLIST_FILE = YES;
				IPHONEOS_DEPLOYMENT_TARGET = 13.0;
				LD_RUNPATH_SEARCH_PATHS = (
					"$(inherited)",
					"@executable_path/Frameworks",
					"@loader_path/Frameworks",
				);
				MARKETING_VERSION = 1.0;
				PRODUCT_BUNDLE_IDENTIFIER = me.rayansaeed.GithubReposTests;
				PRODUCT_NAME = "$(TARGET_NAME)";
				SWIFT_EMIT_LOC_STRINGS = NO;
				SWIFT_VERSION = 5.0;
				TARGETED_DEVICE_FAMILY = "1,2";
				TEST_HOST = "$(BUILT_PRODUCTS_DIR)/GithubRepos.app/GithubRepos";
			};
			name = Release;
		};
/* End XCBuildConfiguration section */

/* Begin XCConfigurationList section */
		C15A45D12859F5F400F97EAF /* Build configuration list for PBXProject "GithubRepos" */ = {
			isa = XCConfigurationList;
			buildConfigurations = (
				C15A45FE2859F5F500F97EAF /* Debug */,
				C15A45FF2859F5F500F97EAF /* Release */,
			);
			defaultConfigurationIsVisible = 0;
			defaultConfigurationName = Release;
		};
		C15A46002859F5F500F97EAF /* Build configuration list for PBXNativeTarget "GithubRepos" */ = {
			isa = XCConfigurationList;
			buildConfigurations = (
				C15A46012859F5F500F97EAF /* Debug */,
				C15A46022859F5F500F97EAF /* Release */,
			);
			defaultConfigurationIsVisible = 0;
			defaultConfigurationName = Release;
		};
		C15A46032859F5F500F97EAF /* Build configuration list for PBXNativeTarget "GithubReposTests" */ = {
			isa = XCConfigurationList;
			buildConfigurations = (
				C15A46042859F5F500F97EAF /* Debug */,
				C15A46052859F5F500F97EAF /* Release */,
			);
			defaultConfigurationIsVisible = 0;
			defaultConfigurationName = Release;
		};
/* End XCConfigurationList section */
	};
	rootObject = C15A45CE2859F5F400F97EAF /* Project object */;
}
